{
  "name": "Ballantine",
  "lockfileVersion": 2,
  "requires": true,
  "packages": {
    "": {
      "dependencies": {
        "@fancyapps/ui": "^4.0.27",
        "jquery-modal": "^0.9.2"
      }
    },
    "node_modules/@fancyapps/ui": {
      "version": "4.0.27",
      "resolved": "https://registry.npmjs.org/@fancyapps/ui/-/ui-4.0.27.tgz",
      "integrity": "sha512-IpLREaLVhLGxcYeloCHrSuuPErRP4oEiLDgztZZMcBaKM4NnvRifw7MbU8unDKX+KCL+Ai9mEtH6J17zQ8FEig=="
    },
    "node_modules/jquery-modal": {
      "version": "0.9.2",
      "resolved": "https://registry.npmjs.org/jquery-modal/-/jquery-modal-0.9.2.tgz",
      "integrity": "sha512-Bx6jTBuiUbdywriWd0UAZK9v7FKEDCOD5uRh47qd4coGvx+dG4w8cOGe4TG2OoR1dNrXn6Aqaeu8MAA+Oz7vOw=="
    }
  },
  "dependencies": {
    "@fancyapps/ui": {
      "version": "4.0.27",
      "resolved": "https://registry.npmjs.org/@fancyapps/ui/-/ui-4.0.27.tgz",
      "integrity": "sha512-IpLREaLVhLGxcYeloCHrSuuPErRP4oEiLDgztZZMcBaKM4NnvRifw7MbU8unDKX+KCL+Ai9mEtH6J17zQ8FEig=="
    },
    "jquery-modal": {
      "version": "0.9.2",
      "resolved": "https://registry.npmjs.org/jquery-modal/-/jquery-modal-0.9.2.tgz",
      "integrity": "sha512-Bx6jTBuiUbdywriWd0UAZK9v7FKEDCOD5uRh47qd4coGvx+dG4w8cOGe4TG2OoR1dNrXn6Aqaeu8MAA+Oz7vOw=="
    }
  }
}
